// !$*UTF8*$!
{
	archiveVersion = 1;
	classes = {
	};
	objectVersion = 55;
	objects = {

/* Begin PBXBuildFile section */
		91042D9C284D29A000BF6B53 /* AppDelegate.swift in Sources */ = {isa = PBXBuildFile; fileRef = 91042D9B284D29A000BF6B53 /* AppDelegate.swift */; };
		91042D9E284D29A000BF6B53 /* SceneDelegate.swift in Sources */ = {isa = PBXBuildFile; fileRef = 91042D9D284D29A000BF6B53 /* SceneDelegate.swift */; };
		91042DA0284D29A000BF6B53 /* ViewController.swift in Sources */ = {isa = PBXBuildFile; fileRef = 91042D9F284D29A000BF6B53 /* ViewController.swift */; };
		91042DA3284D29A000BF6B53 /* Main.storyboard in Resources */ = {isa = PBXBuildFile; fileRef = 91042DA1284D29A000BF6B53 /* Main.storyboard */; };
		91042DA5284D29A700BF6B53 /* Assets.xcassets in Resources */ = {isa = PBXBuildFile; fileRef = 91042DA4284D29A700BF6B53 /* Assets.xcassets */; };
		91042DA8284D29A700BF6B53 /* LaunchScreen.storyboard in Resources */ = {isa = PBXBuildFile; fileRef = 91042DA6284D29A700BF6B53 /* LaunchScreen.storyboard */; };
		9117B8CC285562B300E98A8C /* LatestResults.swift in Sources */ = {isa = PBXBuildFile; fileRef = 9117B8CB285562B300E98A8C /* LatestResults.swift */; };
		9117B8CE2855727700E98A8C /* LeagueDetailsPresenter.swift in Sources */ = {isa = PBXBuildFile; fileRef = 9117B8CD2855727700E98A8C /* LeagueDetailsPresenter.swift */; };
		912A577328511C1500ADC0C2 /* LeaguesTableViewController.swift in Sources */ = {isa = PBXBuildFile; fileRef = 912A577228511C1500ADC0C2 /* LeaguesTableViewController.swift */; };
		917D6B6C285A849E00718147 /* LocalDataSource.swift in Sources */ = {isa = PBXBuildFile; fileRef = 917D6B6B285A849E00718147 /* LocalDataSource.swift */; };
		917D6B6E285AA10700718147 /* FavoriteTableViewController.swift in Sources */ = {isa = PBXBuildFile; fileRef = 917D6B6D285AA10700718147 /* FavoriteTableViewController.swift */; };
		917D6B70285AAAF000718147 /* FavoritePresenter.swift in Sources */ = {isa = PBXBuildFile; fileRef = 917D6B6F285AAAF000718147 /* FavoritePresenter.swift */; };
		917D6B73285AC07000718147 /* FavouriteTableViewCell.swift in Sources */ = {isa = PBXBuildFile; fileRef = 917D6B72285AC07000718147 /* FavouriteTableViewCell.swift */; };
		91BD868528515B770095253D /* League.swift in Sources */ = {isa = PBXBuildFile; fileRef = 91BD868428515B760095253D /* League.swift */; };
		91BD868728515F5B0095253D /* LeaguesPresenter.swift in Sources */ = {isa = PBXBuildFile; fileRef = 91BD868628515F5B0095253D /* LeaguesPresenter.swift */; };
		91BD8689285169190095253D /* LeagueTableViewCell.swift in Sources */ = {isa = PBXBuildFile; fileRef = 91BD8688285169190095253D /* LeagueTableViewCell.swift */; };
		91C349D0285B956100C7E390 /* NetworkConnection.swift in Sources */ = {isa = PBXBuildFile; fileRef = 91C349CF285B956100C7E390 /* NetworkConnection.swift */; };
		91C45182285955DD00B3CBC7 /* SportsApp.xcdatamodeld in Sources */ = {isa = PBXBuildFile; fileRef = 91C45180285955DD00B3CBC7 /* SportsApp.xcdatamodeld */; };
		91C5083428575073007B6FA7 /* teamDetailsViewController.swift in Sources */ = {isa = PBXBuildFile; fileRef = 91C5083328575073007B6FA7 /* teamDetailsViewController.swift */; };
		91C7D9442853B191000886AC /* Team.swift in Sources */ = {isa = PBXBuildFile; fileRef = 91C7D9432853B191000886AC /* Team.swift */; };
		91C7D9462853B650000886AC /* LeagueDetailsViewController.swift in Sources */ = {isa = PBXBuildFile; fileRef = 91C7D9452853B650000886AC /* LeagueDetailsViewController.swift */; };
		91C7D94A28541118000886AC /* UpcomingEventsCollectionViewCell.swift in Sources */ = {isa = PBXBuildFile; fileRef = 91C7D94928541118000886AC /* UpcomingEventsCollectionViewCell.swift */; };
		91C7D94C28541130000886AC /* LatestResultsCollectionViewCell.swift in Sources */ = {isa = PBXBuildFile; fileRef = 91C7D94B28541130000886AC /* LatestResultsCollectionViewCell.swift */; };
		91C7D94E28541144000886AC /* TeamCollectionViewCell.swift in Sources */ = {isa = PBXBuildFile; fileRef = 91C7D94D28541144000886AC /* TeamCollectionViewCell.swift */; };
		91C83546285028A000E9E352 /* SportHeaderCollectionReusableView.swift in Sources */ = {isa = PBXBuildFile; fileRef = 91C83545285028A000E9E352 /* SportHeaderCollectionReusableView.swift */; };
		91D93556284EAAE300C6D544 /* Sports.swift in Sources */ = {isa = PBXBuildFile; fileRef = 91D93555284EAAE300C6D544 /* Sports.swift */; };
		91D93558284EB34600C6D544 /* DataSource.swift in Sources */ = {isa = PBXBuildFile; fileRef = 91D93557284EB34600C6D544 /* DataSource.swift */; };
		91D9355F284EC81400C6D544 /* SportsCollectionViewController.swift in Sources */ = {isa = PBXBuildFile; fileRef = 91D9355D284EC81400C6D544 /* SportsCollectionViewController.swift */; };
		91D93560284EC81400C6D544 /* SportCollectionViewCell.swift in Sources */ = {isa = PBXBuildFile; fileRef = 91D9355E284EC81400C6D544 /* SportCollectionViewCell.swift */; };
		91D93562284EC84100C6D544 /* SportsHomePresenter.swift in Sources */ = {isa = PBXBuildFile; fileRef = 91D93561284EC84100C6D544 /* SportsHomePresenter.swift */; };
		987D333A9DC3D0EBE311E4A5 /* Pods_SportsApp.framework in Frameworks */ = {isa = PBXBuildFile; fileRef = D1C0D75BF4E39B3B41CD544D /* Pods_SportsApp.framework */; };
/* End PBXBuildFile section */

/* Begin PBXFileReference section */
		91042D98284D29A000BF6B53 /* SportsApp.app */ = {isa = PBXFileReference; explicitFileType = wrapper.application; includeInIndex = 0; path = SportsApp.app; sourceTree = BUILT_PRODUCTS_DIR; };
		91042D9B284D29A000BF6B53 /* AppDelegate.swift */ = {isa = PBXFileReference; lastKnownFileType = sourcecode.swift; path = AppDelegate.swift; sourceTree = "<group>"; };
		91042D9D284D29A000BF6B53 /* SceneDelegate.swift */ = {isa = PBXFileReference; lastKnownFileType = sourcecode.swift; path = SceneDelegate.swift; sourceTree = "<group>"; };
		91042D9F284D29A000BF6B53 /* ViewController.swift */ = {isa = PBXFileReference; lastKnownFileType = sourcecode.swift; path = ViewController.swift; sourceTree = "<group>"; };
		91042DA2284D29A000BF6B53 /* Base */ = {isa = PBXFileReference; lastKnownFileType = file.storyboard; name = Base; path = Base.lproj/Main.storyboard; sourceTree = "<group>"; };
		91042DA4284D29A700BF6B53 /* Assets.xcassets */ = {isa = PBXFileReference; lastKnownFileType = folder.assetcatalog; path = Assets.xcassets; sourceTree = "<group>"; };
		91042DA7284D29A700BF6B53 /* Base */ = {isa = PBXFileReference; lastKnownFileType = file.storyboard; name = Base; path = Base.lproj/LaunchScreen.storyboard; sourceTree = "<group>"; };
		91042DA9284D29A700BF6B53 /* Info.plist */ = {isa = PBXFileReference; lastKnownFileType = text.plist.xml; path = Info.plist; sourceTree = "<group>"; };
		9117B8CB285562B300E98A8C /* LatestResults.swift */ = {isa = PBXFileReference; lastKnownFileType = sourcecode.swift; path = LatestResults.swift; sourceTree = "<group>"; };
		9117B8CD2855727700E98A8C /* LeagueDetailsPresenter.swift */ = {isa = PBXFileReference; lastKnownFileType = sourcecode.swift; path = LeagueDetailsPresenter.swift; sourceTree = "<group>"; };
		912A577228511C1500ADC0C2 /* LeaguesTableViewController.swift */ = {isa = PBXFileReference; lastKnownFileType = sourcecode.swift; path = LeaguesTableViewController.swift; sourceTree = "<group>"; };
		917D6B6B285A849E00718147 /* LocalDataSource.swift */ = {isa = PBXFileReference; lastKnownFileType = sourcecode.swift; path = LocalDataSource.swift; sourceTree = "<group>"; };
		917D6B6D285AA10700718147 /* FavoriteTableViewController.swift */ = {isa = PBXFileReference; lastKnownFileType = sourcecode.swift; path = FavoriteTableViewController.swift; sourceTree = "<group>"; };
		917D6B6F285AAAF000718147 /* FavoritePresenter.swift */ = {isa = PBXFileReference; lastKnownFileType = sourcecode.swift; path = FavoritePresenter.swift; sourceTree = "<group>"; };
		917D6B72285AC07000718147 /* FavouriteTableViewCell.swift */ = {isa = PBXFileReference; lastKnownFileType = sourcecode.swift; path = FavouriteTableViewCell.swift; sourceTree = "<group>"; };
		91BD868428515B760095253D /* League.swift */ = {isa = PBXFileReference; lastKnownFileType = sourcecode.swift; path = League.swift; sourceTree = "<group>"; };
		91BD868628515F5B0095253D /* LeaguesPresenter.swift */ = {isa = PBXFileReference; lastKnownFileType = sourcecode.swift; path = LeaguesPresenter.swift; sourceTree = "<group>"; };
		91BD8688285169190095253D /* LeagueTableViewCell.swift */ = {isa = PBXFileReference; lastKnownFileType = sourcecode.swift; path = LeagueTableViewCell.swift; sourceTree = "<group>"; };
		91C349CF285B956100C7E390 /* NetworkConnection.swift */ = {isa = PBXFileReference; lastKnownFileType = sourcecode.swift; path = NetworkConnection.swift; sourceTree = "<group>"; };
		91C45181285955DD00B3CBC7 /* SportsApp.xcdatamodel */ = {isa = PBXFileReference; lastKnownFileType = wrapper.xcdatamodel; path = SportsApp.xcdatamodel; sourceTree = "<group>"; };
		91C5083328575073007B6FA7 /* teamDetailsViewController.swift */ = {isa = PBXFileReference; lastKnownFileType = sourcecode.swift; path = teamDetailsViewController.swift; sourceTree = "<group>"; };
		91C7D9432853B191000886AC /* Team.swift */ = {isa = PBXFileReference; lastKnownFileType = sourcecode.swift; path = Team.swift; sourceTree = "<group>"; };
		91C7D9452853B650000886AC /* LeagueDetailsViewController.swift */ = {isa = PBXFileReference; lastKnownFileType = sourcecode.swift; path = LeagueDetailsViewController.swift; sourceTree = "<group>"; };
		91C7D94928541118000886AC /* UpcomingEventsCollectionViewCell.swift */ = {isa = PBXFileReference; lastKnownFileType = sourcecode.swift; path = UpcomingEventsCollectionViewCell.swift; sourceTree = "<group>"; };
		91C7D94B28541130000886AC /* LatestResultsCollectionViewCell.swift */ = {isa = PBXFileReference; lastKnownFileType = sourcecode.swift; path = LatestResultsCollectionViewCell.swift; sourceTree = "<group>"; };
		91C7D94D28541144000886AC /* TeamCollectionViewCell.swift */ = {isa = PBXFileReference; lastKnownFileType = sourcecode.swift; path = TeamCollectionViewCell.swift; sourceTree = "<group>"; };
		91C83545285028A000E9E352 /* SportHeaderCollectionReusableView.swift */ = {isa = PBXFileReference; lastKnownFileType = sourcecode.swift; path = SportHeaderCollectionReusableView.swift; sourceTree = "<group>"; };
		91D93555284EAAE300C6D544 /* Sports.swift */ = {isa = PBXFileReference; lastKnownFileType = sourcecode.swift; path = Sports.swift; sourceTree = "<group>"; };
		91D93557284EB34600C6D544 /* DataSource.swift */ = {isa = PBXFileReference; lastKnownFileType = sourcecode.swift; path = DataSource.swift; sourceTree = "<group>"; };
		91D9355D284EC81400C6D544 /* SportsCollectionViewController.swift */ = {isa = PBXFileReference; fileEncoding = 4; lastKnownFileType = sourcecode.swift; path = SportsCollectionViewController.swift; sourceTree = "<group>"; };
		91D9355E284EC81400C6D544 /* SportCollectionViewCell.swift */ = {isa = PBXFileReference; fileEncoding = 4; lastKnownFileType = sourcecode.swift; path = SportCollectionViewCell.swift; sourceTree = "<group>"; };
		91D93561284EC84100C6D544 /* SportsHomePresenter.swift */ = {isa = PBXFileReference; lastKnownFileType = sourcecode.swift; path = SportsHomePresenter.swift; sourceTree = "<group>"; };
		BAD30CC9999AE2B55C02F8D8 /* Pods-SportsApp.release.xcconfig */ = {isa = PBXFileReference; includeInIndex = 1; lastKnownFileType = text.xcconfig; name = "Pods-SportsApp.release.xcconfig"; path = "Target Support Files/Pods-SportsApp/Pods-SportsApp.release.xcconfig"; sourceTree = "<group>"; };
		D0C49F578102A155EC2DFEC7 /* Pods-SportsApp.debug.xcconfig */ = {isa = PBXFileReference; includeInIndex = 1; lastKnownFileType = text.xcconfig; name = "Pods-SportsApp.debug.xcconfig"; path = "Target Support Files/Pods-SportsApp/Pods-SportsApp.debug.xcconfig"; sourceTree = "<group>"; };
		D1C0D75BF4E39B3B41CD544D /* Pods_SportsApp.framework */ = {isa = PBXFileReference; explicitFileType = wrapper.framework; includeInIndex = 0; path = Pods_SportsApp.framework; sourceTree = BUILT_PRODUCTS_DIR; };
/* End PBXFileReference section */

/* Begin PBXFrameworksBuildPhase section */
		91042D95284D29A000BF6B53 /* Frameworks */ = {
			isa = PBXFrameworksBuildPhase;
			buildActionMask = 2147483647;
			files = (
				987D333A9DC3D0EBE311E4A5 /* Pods_SportsApp.framework in Frameworks */,
			);
			runOnlyForDeploymentPostprocessing = 0;
		};
/* End PBXFrameworksBuildPhase section */

/* Begin PBXGroup section */
		6E558A97138D1972B699E880 /* Pods */ = {
			isa = PBXGroup;
			children = (
				D0C49F578102A155EC2DFEC7 /* Pods-SportsApp.debug.xcconfig */,
				BAD30CC9999AE2B55C02F8D8 /* Pods-SportsApp.release.xcconfig */,
			);
			path = Pods;
			sourceTree = "<group>";
		};
		91042D8F284D29A000BF6B53 = {
			isa = PBXGroup;
			children = (
				91042D9A284D29A000BF6B53 /* SportsApp */,
				91042D99284D29A000BF6B53 /* Products */,
				6E558A97138D1972B699E880 /* Pods */,
				D4611049DC3311A60CB1AAD8 /* Frameworks */,
			);
			sourceTree = "<group>";
		};
		91042D99284D29A000BF6B53 /* Products */ = {
			isa = PBXGroup;
			children = (
				91042D98284D29A000BF6B53 /* SportsApp.app */,
			);
			name = Products;
			sourceTree = "<group>";
		};
		91042D9A284D29A000BF6B53 /* SportsApp */ = {
			isa = PBXGroup;
			children = (
				91042D9B284D29A000BF6B53 /* AppDelegate.swift */,
				91042D9D284D29A000BF6B53 /* SceneDelegate.swift */,
				91042D9F284D29A000BF6B53 /* ViewController.swift */,
				91042DA1284D29A000BF6B53 /* Main.storyboard */,
				91042DA4284D29A700BF6B53 /* Assets.xcassets */,
				91042DA6284D29A700BF6B53 /* LaunchScreen.storyboard */,
				91042DA9284D29A700BF6B53 /* Info.plist */,
				912A576E285113A000ADC0C2 /* Sport */,
				91C7D9422853AE70000886AC /* League */,
				9117B8CA285509E000E98A8C /* LeagueDetails */,
				917D6B71285AC02A00718147 /* Favourite */,
				91D9355A284EC6E400C6D544 /* ServiceModel */,
				91EB2CC4285D44E700CC154A /* Utilities */,
			);
			path = SportsApp;
			sourceTree = "<group>";
		};
		9117B8CA285509E000E98A8C /* LeagueDetails */ = {
			isa = PBXGroup;
			children = (
				91EB2CBF285D41E800CC154A /* LeagueDetailsView */,
				91C5083328575073007B6FA7 /* teamDetailsViewController.swift */,
				91EB2CC0285D421C00CC154A /* LeagueDetailsModel */,
				91EB2CC1285D423000CC154A /* LeagueDetailsPresenter */,
			);
			path = LeagueDetails;
			sourceTree = "<group>";
		};
		912A576E285113A000ADC0C2 /* Sport */ = {
			isa = PBXGroup;
			children = (
				912A5771285113CD00ADC0C2 /* SportPresenter */,
				912A5770285113BB00ADC0C2 /* SportView */,
				912A576F285113B200ADC0C2 /* SportModel */,
			);
			path = Sport;
			sourceTree = "<group>";
		};
		912A576F285113B200ADC0C2 /* SportModel */ = {
			isa = PBXGroup;
			children = (
				91D93555284EAAE300C6D544 /* Sports.swift */,
			);
			path = SportModel;
			sourceTree = "<group>";
		};
		912A5770285113BB00ADC0C2 /* SportView */ = {
			isa = PBXGroup;
			children = (
				91D9355D284EC81400C6D544 /* SportsCollectionViewController.swift */,
				91C8A301285DBC8D00FE9024 /* Cells */,
			);
			path = SportView;
			sourceTree = "<group>";
		};
		912A5771285113CD00ADC0C2 /* SportPresenter */ = {
			isa = PBXGroup;
			children = (
				91D93561284EC84100C6D544 /* SportsHomePresenter.swift */,
			);
			path = SportPresenter;
			sourceTree = "<group>";
		};
		917D6B71285AC02A00718147 /* Favourite */ = {
			isa = PBXGroup;
			children = (
				91EB2CC2285D427600CC154A /* FavoriteView */,
				91EB2CC3285D42AA00CC154A /* FavoritePresenter */,
			);
			path = Favourite;
			sourceTree = "<group>";
		};
		91C7D9422853AE70000886AC /* League */ = {
			isa = PBXGroup;
			children = (
				91EB2CBC285D416800CC154A /* LeaguePresenter */,
				91EB2CBD285D417800CC154A /* LeagueView */,
				91EB2CBE285D41A300CC154A /* LeagueModel */,
			);
			path = League;
			sourceTree = "<group>";
		};
		91C8A301285DBC8D00FE9024 /* Cells */ = {
			isa = PBXGroup;
			children = (
				91D9355E284EC81400C6D544 /* SportCollectionViewCell.swift */,
				91C83545285028A000E9E352 /* SportHeaderCollectionReusableView.swift */,
			);
			path = Cells;
			sourceTree = "<group>";
		};
		91D9355A284EC6E400C6D544 /* ServiceModel */ = {
			isa = PBXGroup;
			children = (
				91EB2CC7285D474D00CC154A /* RemoteDataSource */,
				91EB2CC6285D466600CC154A /* LocalDataSource */,
			);
			path = ServiceModel;
			sourceTree = "<group>";
		};
		91EB2CBC285D416800CC154A /* LeaguePresenter */ = {
			isa = PBXGroup;
			children = (
				91BD868628515F5B0095253D /* LeaguesPresenter.swift */,
			);
			path = LeaguePresenter;
			sourceTree = "<group>";
		};
		91EB2CBD285D417800CC154A /* LeagueView */ = {
			isa = PBXGroup;
			children = (
				912A577228511C1500ADC0C2 /* LeaguesTableViewController.swift */,
				91BD8688285169190095253D /* LeagueTableViewCell.swift */,
			);
			path = LeagueView;
			sourceTree = "<group>";
		};
		91EB2CBE285D41A300CC154A /* LeagueModel */ = {
			isa = PBXGroup;
			children = (
				91BD868428515B760095253D /* League.swift */,
			);
			path = LeagueModel;
			sourceTree = "<group>";
		};
		91EB2CBF285D41E800CC154A /* LeagueDetailsView */ = {
			isa = PBXGroup;
			children = (
				91C7D9452853B650000886AC /* LeagueDetailsViewController.swift */,
				91EB2CC5285D45EA00CC154A /* Cells */,
			);
			path = LeagueDetailsView;
			sourceTree = "<group>";
		};
		91EB2CC0285D421C00CC154A /* LeagueDetailsModel */ = {
			isa = PBXGroup;
			children = (
				91C7D9432853B191000886AC /* Team.swift */,
				9117B8CB285562B300E98A8C /* LatestResults.swift */,
			);
			path = LeagueDetailsModel;
			sourceTree = "<group>";
		};
		91EB2CC1285D423000CC154A /* LeagueDetailsPresenter */ = {
			isa = PBXGroup;
			children = (
				9117B8CD2855727700E98A8C /* LeagueDetailsPresenter.swift */,
			);
			path = LeagueDetailsPresenter;
			sourceTree = "<group>";
		};
		91EB2CC2285D427600CC154A /* FavoriteView */ = {
			isa = PBXGroup;
			children = (
				917D6B6D285AA10700718147 /* FavoriteTableViewController.swift */,
				917D6B72285AC07000718147 /* FavouriteTableViewCell.swift */,
			);
			path = FavoriteView;
			sourceTree = "<group>";
		};
		91EB2CC3285D42AA00CC154A /* FavoritePresenter */ = {
			isa = PBXGroup;
			children = (
				917D6B6F285AAAF000718147 /* FavoritePresenter.swift */,
			);
			path = FavoritePresenter;
			sourceTree = "<group>";
		};
		91EB2CC4285D44E700CC154A /* Utilities */ = {
			isa = PBXGroup;
			children = (
				91C349CF285B956100C7E390 /* NetworkConnection.swift */,
			);
			path = Utilities;
			sourceTree = "<group>";
		};
		91EB2CC5285D45EA00CC154A /* Cells */ = {
			isa = PBXGroup;
			children = (
				91C7D94928541118000886AC /* UpcomingEventsCollectionViewCell.swift */,
				91C7D94B28541130000886AC /* LatestResultsCollectionViewCell.swift */,
				91C7D94D28541144000886AC /* TeamCollectionViewCell.swift */,
			);
			path = Cells;
			sourceTree = "<group>";
		};
		91EB2CC6285D466600CC154A /* LocalDataSource */ = {
			isa = PBXGroup;
			children = (
				917D6B6B285A849E00718147 /* LocalDataSource.swift */,
				91C45180285955DD00B3CBC7 /* SportsApp.xcdatamodeld */,
			);
			path = LocalDataSource;
			sourceTree = "<group>";
		};
		91EB2CC7285D474D00CC154A /* RemoteDataSource */ = {
			isa = PBXGroup;
			children = (
				91D93557284EB34600C6D544 /* DataSource.swift */,
			);
			path = RemoteDataSource;
			sourceTree = "<group>";
		};
		D4611049DC3311A60CB1AAD8 /* Frameworks */ = {
			isa = PBXGroup;
			children = (
				D1C0D75BF4E39B3B41CD544D /* Pods_SportsApp.framework */,
			);
			name = Frameworks;
			sourceTree = "<group>";
		};
/* End PBXGroup section */

/* Begin PBXNativeTarget section */
		91042D97284D29A000BF6B53 /* SportsApp */ = {
			isa = PBXNativeTarget;
			buildConfigurationList = 91042DAC284D29A700BF6B53 /* Build configuration list for PBXNativeTarget "SportsApp" */;
			buildPhases = (
				EFB311FAB0C56CB5FC29E158 /* [CP] Check Pods Manifest.lock */,
				91042D94284D29A000BF6B53 /* Sources */,
				91042D95284D29A000BF6B53 /* Frameworks */,
				91042D96284D29A000BF6B53 /* Resources */,
				BECB3AD4A77FC77F5F6EB949 /* [CP] Embed Pods Frameworks */,
			);
			buildRules = (
			);
			dependencies = (
			);
			name = SportsApp;
			productName = SportsApp;
			productReference = 91042D98284D29A000BF6B53 /* SportsApp.app */;
			productType = "com.apple.product-type.application";
		};
/* End PBXNativeTarget section */

/* Begin PBXProject section */
		91042D90284D29A000BF6B53 /* Project object */ = {
			isa = PBXProject;
			attributes = {
				BuildIndependentTargetsInParallel = 1;
				LastSwiftUpdateCheck = 1340;
				LastUpgradeCheck = 1340;
				TargetAttributes = {
					91042D97284D29A000BF6B53 = {
						CreatedOnToolsVersion = 13.4;
					};
				};
			};
			buildConfigurationList = 91042D93284D29A000BF6B53 /* Build configuration list for PBXProject "SportsApp" */;
			compatibilityVersion = "Xcode 13.0";
			developmentRegion = en;
			hasScannedForEncodings = 0;
			knownRegions = (
				en,
				Base,
			);
			mainGroup = 91042D8F284D29A000BF6B53;
			productRefGroup = 91042D99284D29A000BF6B53 /* Products */;
			projectDirPath = "";
			projectRoot = "";
			targets = (
				91042D97284D29A000BF6B53 /* SportsApp */,
			);
		};
/* End PBXProject section */

/* Begin PBXResourcesBuildPhase section */
		91042D96284D29A000BF6B53 /* Resources */ = {
			isa = PBXResourcesBuildPhase;
			buildActionMask = 2147483647;
			files = (
				91042DA8284D29A700BF6B53 /* LaunchScreen.storyboard in Resources */,
				91042DA5284D29A700BF6B53 /* Assets.xcassets in Resources */,
				91042DA3284D29A000BF6B53 /* Main.storyboard in Resources */,
			);
			runOnlyForDeploymentPostprocessing = 0;
		};
/* End PBXResourcesBuildPhase section */

/* Begin PBXShellScriptBuildPhase section */
		BECB3AD4A77FC77F5F6EB949 /* [CP] Embed Pods Frameworks */ = {
			isa = PBXShellScriptBuildPhase;
			buildActionMask = 2147483647;
			files = (
			);
			inputFileListPaths = (
				"${PODS_ROOT}/Target Support Files/Pods-SportsApp/Pods-SportsApp-frameworks-${CONFIGURATION}-input-files.xcfilelist",
			);
			name = "[CP] Embed Pods Frameworks";
			outputFileListPaths = (
				"${PODS_ROOT}/Target Support Files/Pods-SportsApp/Pods-SportsApp-frameworks-${CONFIGURATION}-output-files.xcfilelist",
			);
			runOnlyForDeploymentPostprocessing = 0;
			shellPath = /bin/sh;
			shellScript = "\"${PODS_ROOT}/Target Support Files/Pods-SportsApp/Pods-SportsApp-frameworks.sh\"\n";
			showEnvVarsInLog = 0;
		};
		EFB311FAB0C56CB5FC29E158 /* [CP] Check Pods Manifest.lock */ = {
			isa = PBXShellScriptBuildPhase;
			buildActionMask = 2147483647;
			files = (
			);
			inputFileListPaths = (
			);
			inputPaths = (
				"${PODS_PODFILE_DIR_PATH}/Podfile.lock",
				"${PODS_ROOT}/Manifest.lock",
			);
			name = "[CP] Check Pods Manifest.lock";
			outputFileListPaths = (
			);
			outputPaths = (
				"$(DERIVED_FILE_DIR)/Pods-SportsApp-checkManifestLockResult.txt",
			);
			runOnlyForDeploymentPostprocessing = 0;
			shellPath = /bin/sh;
			shellScript = "diff \"${PODS_PODFILE_DIR_PATH}/Podfile.lock\" \"${PODS_ROOT}/Manifest.lock\" > /dev/null\nif [ $? != 0 ] ; then\n    # print error to STDERR\n    echo \"error: The sandbox is not in sync with the Podfile.lock. Run 'pod install' or update your CocoaPods installation.\" >&2\n    exit 1\nfi\n# This output is used by Xcode 'outputs' to avoid re-running this script phase.\necho \"SUCCESS\" > \"${SCRIPT_OUTPUT_FILE_0}\"\n";
			showEnvVarsInLog = 0;
		};
/* End PBXShellScriptBuildPhase section */

/* Begin PBXSourcesBuildPhase section */
		91042D94284D29A000BF6B53 /* Sources */ = {
			isa = PBXSourcesBuildPhase;
			buildActionMask = 2147483647;
			files = (
				91D9355F284EC81400C6D544 /* SportsCollectionViewController.swift in Sources */,
				91C7D94A28541118000886AC /* UpcomingEventsCollectionViewCell.swift in Sources */,
				91C83546285028A000E9E352 /* SportHeaderCollectionReusableView.swift in Sources */,
				9117B8CE2855727700E98A8C /* LeagueDetailsPresenter.swift in Sources */,
				91C349D0285B956100C7E390 /* NetworkConnection.swift in Sources */,
				91D93556284EAAE300C6D544 /* Sports.swift in Sources */,
				91C7D9442853B191000886AC /* Team.swift in Sources */,
				912A577328511C1500ADC0C2 /* LeaguesTableViewController.swift in Sources */,
				91C5083428575073007B6FA7 /* teamDetailsViewController.swift in Sources */,
				91042DA0284D29A000BF6B53 /* ViewController.swift in Sources */,
				917D6B6C285A849E00718147 /* LocalDataSource.swift in Sources */,
				91BD868728515F5B0095253D /* LeaguesPresenter.swift in Sources */,
				91BD868528515B770095253D /* League.swift in Sources */,
				91C7D94C28541130000886AC /* LatestResultsCollectionViewCell.swift in Sources */,
				91D93562284EC84100C6D544 /* SportsHomePresenter.swift in Sources */,
				91042D9C284D29A000BF6B53 /* AppDelegate.swift in Sources */,
				91042D9E284D29A000BF6B53 /* SceneDelegate.swift in Sources */,
				91C7D9462853B650000886AC /* LeagueDetailsViewController.swift in Sources */,
				91D93558284EB34600C6D544 /* DataSource.swift in Sources */,
				91C45182285955DD00B3CBC7 /* SportsApp.xcdatamodeld in Sources */,
				917D6B73285AC07000718147 /* FavouriteTableViewCell.swift in Sources */,
				91BD8689285169190095253D /* LeagueTableViewCell.swift in Sources */,
				917D6B6E285AA10700718147 /* FavoriteTableViewController.swift in Sources */,
				91C7D94E28541144000886AC /* TeamCollectionViewCell.swift in Sources */,
				9117B8CC285562B300E98A8C /* LatestResults.swift in Sources */,
				917D6B70285AAAF000718147 /* FavoritePresenter.swift in Sources */,
				91D93560284EC81400C6D544 /* SportCollectionViewCell.swift in Sources */,
			);
			runOnlyForDeploymentPostprocessing = 0;
		};
/* End PBXSourcesBuildPhase section */

/* Begin PBXVariantGroup section */
		91042DA1284D29A000BF6B53 /* Main.storyboard */ = {
			isa = PBXVariantGroup;
			children = (
				91042DA2284D29A000BF6B53 /* Base */,
			);
			name = Main.storyboard;
			sourceTree = "<group>";
		};
		91042DA6284D29A700BF6B53 /* LaunchScreen.storyboard */ = {
			isa = PBXVariantGroup;
			children = (
				91042DA7284D29A700BF6B53 /* Base */,
			);
			name = LaunchScreen.storyboard;
			sourceTree = "<group>";
		};
/* End PBXVariantGroup section */

/* Begin XCBuildConfiguration section */
		91042DAA284D29A700BF6B53 /* Debug */ = {
			isa = XCBuildConfiguration;
			buildSettings = {
				ALWAYS_SEARCH_USER_PATHS = NO;
				CLANG_ANALYZER_NONNULL = YES;
				CLANG_ANALYZER_NUMBER_OBJECT_CONVERSION = YES_AGGRESSIVE;
				CLANG_CXX_LANGUAGE_STANDARD = "gnu++17";
				CLANG_ENABLE_MODULES = YES;
				CLANG_ENABLE_OBJC_ARC = YES;
				CLANG_ENABLE_OBJC_WEAK = YES;
				CLANG_WARN_BLOCK_CAPTURE_AUTORELEASING = YES;
				CLANG_WARN_BOOL_CONVERSION = YES;
				CLANG_WARN_COMMA = YES;
				CLANG_WARN_CONSTANT_CONVERSION = YES;
				CLANG_WARN_DEPRECATED_OBJC_IMPLEMENTATIONS = YES;
				CLANG_WARN_DIRECT_OBJC_ISA_USAGE = YES_ERROR;
				CLANG_WARN_DOCUMENTATION_COMMENTS = YES;
				CLANG_WARN_EMPTY_BODY = YES;
				CLANG_WARN_ENUM_CONVERSION = YES;
				CLANG_WARN_INFINITE_RECURSION = YES;
				CLANG_WARN_INT_CONVERSION = YES;
				CLANG_WARN_NON_LITERAL_NULL_CONVERSION = YES;
				CLANG_WARN_OBJC_IMPLICIT_RETAIN_SELF = YES;
				CLANG_WARN_OBJC_LITERAL_CONVERSION = YES;
				CLANG_WARN_OBJC_ROOT_CLASS = YES_ERROR;
				CLANG_WARN_QUOTED_INCLUDE_IN_FRAMEWORK_HEADER = YES;
				CLANG_WARN_RANGE_LOOP_ANALYSIS = YES;
				CLANG_WARN_STRICT_PROTOTYPES = YES;
				CLANG_WARN_SUSPICIOUS_MOVE = YES;
				CLANG_WARN_UNGUARDED_AVAILABILITY = YES_AGGRESSIVE;
				CLANG_WARN_UNREACHABLE_CODE = YES;
				CLANG_WARN__DUPLICATE_METHOD_MATCH = YES;
				COPY_PHASE_STRIP = NO;
				DEBUG_INFORMATION_FORMAT = dwarf;
				ENABLE_STRICT_OBJC_MSGSEND = YES;
				ENABLE_TESTABILITY = YES;
				GCC_C_LANGUAGE_STANDARD = gnu11;
				GCC_DYNAMIC_NO_PIC = NO;
				GCC_NO_COMMON_BLOCKS = YES;
				GCC_OPTIMIZATION_LEVEL = 0;
				GCC_PREPROCESSOR_DEFINITIONS = (
					"DEBUG=1",
					"$(inherited)",
				);
				GCC_WARN_64_TO_32_BIT_CONVERSION = YES;
				GCC_WARN_ABOUT_RETURN_TYPE = YES_ERROR;
				GCC_WARN_UNDECLARED_SELECTOR = YES;
				GCC_WARN_UNINITIALIZED_AUTOS = YES_AGGRESSIVE;
				GCC_WARN_UNUSED_FUNCTION = YES;
				GCC_WARN_UNUSED_VARIABLE = YES;
				IPHONEOS_DEPLOYMENT_TARGET = 15.5;
				MTL_ENABLE_DEBUG_INFO = INCLUDE_SOURCE;
				MTL_FAST_MATH = YES;
				ONLY_ACTIVE_ARCH = YES;
				SDKROOT = iphoneos;
				SWIFT_ACTIVE_COMPILATION_CONDITIONS = DEBUG;
				SWIFT_OPTIMIZATION_LEVEL = "-Onone";
			};
			name = Debug;
		};
		91042DAB284D29A700BF6B53 /* Release */ = {
			isa = XCBuildConfiguration;
			buildSettings = {
				ALWAYS_SEARCH_USER_PATHS = NO;
				CLANG_ANALYZER_NONNULL = YES;
				CLANG_ANALYZER_NUMBER_OBJECT_CONVERSION = YES_AGGRESSIVE;
				CLANG_CXX_LANGUAGE_STANDARD = "gnu++17";
				CLANG_ENABLE_MODULES = YES;
				CLANG_ENABLE_OBJC_ARC = YES;
				CLANG_ENABLE_OBJC_WEAK = YES;
				CLANG_WARN_BLOCK_CAPTURE_AUTORELEASING = YES;
				CLANG_WARN_BOOL_CONVERSION = YES;
				CLANG_WARN_COMMA = YES;
				CLANG_WARN_CONSTANT_CONVERSION = YES;
				CLANG_WARN_DEPRECATED_OBJC_IMPLEMENTATIONS = YES;
				CLANG_WARN_DIRECT_OBJC_ISA_USAGE = YES_ERROR;
				CLANG_WARN_DOCUMENTATION_COMMENTS = YES;
				CLANG_WARN_EMPTY_BODY = YES;
				CLANG_WARN_ENUM_CONVERSION = YES;
				CLANG_WARN_INFINITE_RECURSION = YES;
				CLANG_WARN_INT_CONVERSION = YES;
				CLANG_WARN_NON_LITERAL_NULL_CONVERSION = YES;
				CLANG_WARN_OBJC_IMPLICIT_RETAIN_SELF = YES;
				CLANG_WARN_OBJC_LITERAL_CONVERSION = YES;
				CLANG_WARN_OBJC_ROOT_CLASS = YES_ERROR;
				CLANG_WARN_QUOTED_INCLUDE_IN_FRAMEWORK_HEADER = YES;
				CLANG_WARN_RANGE_LOOP_ANALYSIS = YES;
				CLANG_WARN_STRICT_PROTOTYPES = YES;
				CLANG_WARN_SUSPICIOUS_MOVE = YES;
				CLANG_WARN_UNGUARDED_AVAILABILITY = YES_AGGRESSIVE;
				CLANG_WARN_UNREACHABLE_CODE = YES;
				CLANG_WARN__DUPLICATE_METHOD_MATCH = YES;
				COPY_PHASE_STRIP = NO;
				DEBUG_INFORMATION_FORMAT = "dwarf-with-dsym";
				ENABLE_NS_ASSERTIONS = NO;
				ENABLE_STRICT_OBJC_MSGSEND = YES;
				GCC_C_LANGUAGE_STANDARD = gnu11;
				GCC_NO_COMMON_BLOCKS = YES;
				GCC_WARN_64_TO_32_BIT_CONVERSION = YES;
				GCC_WARN_ABOUT_RETURN_TYPE = YES_ERROR;
				GCC_WARN_UNDECLARED_SELECTOR = YES;
				GCC_WARN_UNINITIALIZED_AUTOS = YES_AGGRESSIVE;
				GCC_WARN_UNUSED_FUNCTION = YES;
				GCC_WARN_UNUSED_VARIABLE = YES;
				IPHONEOS_DEPLOYMENT_TARGET = 15.5;
				MTL_ENABLE_DEBUG_INFO = NO;
				MTL_FAST_MATH = YES;
				SDKROOT = iphoneos;
				SWIFT_COMPILATION_MODE = wholemodule;
				SWIFT_OPTIMIZATION_LEVEL = "-O";
				VALIDATE_PRODUCT = YES;
			};
			name = Release;
		};
		91042DAD284D29A700BF6B53 /* Debug */ = {
			isa = XCBuildConfiguration;
			baseConfigurationReference = D0C49F578102A155EC2DFEC7 /* Pods-SportsApp.debug.xcconfig */;
			buildSettings = {
				ASSETCATALOG_COMPILER_APPICON_NAME = AppIcon;
				ASSETCATALOG_COMPILER_GLOBAL_ACCENT_COLOR_NAME = AccentColor;
				CODE_SIGN_STYLE = Automatic;
				CURRENT_PROJECT_VERSION = 1;
				GENERATE_INFOPLIST_FILE = YES;
				INFOPLIST_FILE = SportsApp/Info.plist;
				INFOPLIST_KEY_UIApplicationSupportsIndirectInputEvents = YES;
				INFOPLIST_KEY_UILaunchStoryboardName = LaunchScreen;
				INFOPLIST_KEY_UIMainStoryboardFile = Main;
				INFOPLIST_KEY_UISupportedInterfaceOrientations_iPad = "UIInterfaceOrientationPortrait UIInterfaceOrientationPortraitUpsideDown UIInterfaceOrientationLandscapeLeft UIInterfaceOrientationLandscapeRight";
				INFOPLIST_KEY_UISupportedInterfaceOrientations_iPhone = "UIInterfaceOrientationPortrait UIInterfaceOrientationLandscapeLeft UIInterfaceOrientationLandscapeRight";
				LD_RUNPATH_SEARCH_PATHS = (
					"$(inherited)",
					"@executable_path/Frameworks",
				);
				MARKETING_VERSION = 1.0;
				PRODUCT_BUNDLE_IDENTIFIER = "Kyrillos-Kamal.SportsApp";
				PRODUCT_NAME = "$(TARGET_NAME)";
				SWIFT_EMIT_LOC_STRINGS = YES;
				SWIFT_VERSION = 5.0;
				TARGETED_DEVICE_FAMILY = "1,2";
			};
			name = Debug;
		};
		91042DAE284D29A700BF6B53 /* Release */ = {
			isa = XCBuildConfiguration;
			baseConfigurationReference = BAD30CC9999AE2B55C02F8D8 /* Pods-SportsApp.release.xcconfig */;
			buildSettings = {
				ASSETCATALOG_COMPILER_APPICON_NAME = AppIcon;
				ASSETCATALOG_COMPILER_GLOBAL_ACCENT_COLOR_NAME = AccentColor;
				CODE_SIGN_STYLE = Automatic;
				CURRENT_PROJECT_VERSION = 1;
				GENERATE_INFOPLIST_FILE = YES;
				INFOPLIST_FILE = SportsApp/Info.plist;
				INFOPLIST_KEY_UIApplicationSupportsIndirectInputEvents = YES;
				INFOPLIST_KEY_UILaunchStoryboardName = LaunchScreen;
				INFOPLIST_KEY_UIMainStoryboardFile = Main;
				INFOPLIST_KEY_UISupportedInterfaceOrientations_iPad = "UIInterfaceOrientationPortrait UIInterfaceOrientationPortraitUpsideDown UIInterfaceOrientationLandscapeLeft UIInterfaceOrientationLandscapeRight";
				INFOPLIST_KEY_UISupportedInterfaceOrientations_iPhone = "UIInterfaceOrientationPortrait UIInterfaceOrientationLandscapeLeft UIInterfaceOrientationLandscapeRight";
				LD_RUNPATH_SEARCH_PATHS = (
					"$(inherited)",
					"@executable_path/Frameworks",
				);
				MARKETING_VERSION = 1.0;
				PRODUCT_BUNDLE_IDENTIFIER = "Kyrillos-Kamal.SportsApp";
				PRODUCT_NAME = "$(TARGET_NAME)";
				SWIFT_EMIT_LOC_STRINGS = YES;
				SWIFT_VERSION = 5.0;
				TARGETED_DEVICE_FAMILY = "1,2";
			};
			name = Release;
		};
/* End XCBuildConfiguration section */

/* Begin XCConfigurationList section */
		91042D93284D29A000BF6B53 /* Build configuration list for PBXProject "SportsApp" */ = {
			isa = XCConfigurationList;
			buildConfigurations = (
				91042DAA284D29A700BF6B53 /* Debug */,
				91042DAB284D29A700BF6B53 /* Release */,
			);
			defaultConfigurationIsVisible = 0;
			defaultConfigurationName = Release;
		};
		91042DAC284D29A700BF6B53 /* Build configuration list for PBXNativeTarget "SportsApp" */ = {
			isa = XCConfigurationList;
			buildConfigurations = (
				91042DAD284D29A700BF6B53 /* Debug */,
				91042DAE284D29A700BF6B53 /* Release */,
			);
			defaultConfigurationIsVisible = 0;
			defaultConfigurationName = Release;
		};
/* End XCConfigurationList section */

/* Begin XCVersionGroup section */
		91C45180285955DD00B3CBC7 /* SportsApp.xcdatamodeld */ = {
			isa = XCVersionGroup;
			children = (
				91C45181285955DD00B3CBC7 /* SportsApp.xcdatamodel */,
			);
			currentVersion = 91C45181285955DD00B3CBC7 /* SportsApp.xcdatamodel */;
			path = SportsApp.xcdatamodeld;
			sourceTree = "<group>";
			versionGroupType = wrapper.xcdatamodel;
		};
/* End XCVersionGroup section */
	};
	rootObject = 91042D90284D29A000BF6B53 /* Project object */;
}
